
Microsoft Visual Studio Solution File, Format Version 12.00
# Visual Studio Version 17
VisualStudioVersion = 17.13.35818.85 d17.13
MinimumVisualStudioVersion = 10.0.40219.1
Project("{FAE04EC0-301F-11D3-BF4B-00C04F79EFBC}") = "Cinema", "Cinema.csproj", "{70D108C8-8FD5-45A9-8948-C2164253DB7D}"
EndProject
Global
	GlobalSection(SolutionConfigurationPlatforms) = preSolution
		Debug|Any CPU = Debug|Any CPU
		Release|Any CPU = Release|Any CPU
	EndGlobalSection
	GlobalSection(ProjectConfigurationPlatforms) = postSolution
		{70D108C8-8FD5-45A9-8948-C2164253DB7D}.Debug|Any CPU.ActiveCfg = Debug|Any CPU
		{70D108C8-8FD5-45A9-8948-C2164253DB7D}.Debug|Any CPU.Build.0 = Debug|Any CPU
		{70D108C8-8FD5-45A9-8948-C2164253DB7D}.Release|Any CPU.ActiveCfg = Release|Any CPU
		{70D108C8-8FD5-45A9-8948-C2164253DB7D}.Release|Any CPU.Build.0 = Release|Any CPU
	EndGlobalSection
	GlobalSection(SolutionProperties) = preSolution
		HideSolutionNode = FALSE
	EndGlobalSection
	GlobalSection(ExtensibilityGlobals) = postSolution
		SolutionGuid = {ABCD66BF-99A8-4CE0-BAD0-3DACA331FA29}
	EndGlobalSection
EndGlobal
